// !$*UTF8*$!
{
	archiveVersion = 1;
	classes = {
	};
	objectVersion = 46;
	objects = {

/* Begin PBXAggregateTarget section */
		DDF892236046D411EF14CDDE /* SpatiotemporalReverb - All */ = {
			isa = PBXAggregateTarget;
			buildConfigurationList = 5FA543B695CEEECDA4339FE0 /* Build configuration list for PBXAggregateTarget "SpatiotemporalReverb - All" */;
			buildPhases = (
			);
			dependencies = (
				0EC547FEAB392CA621656F15 /* PBXTargetDependency */,
				1597B00E6702978F1B8A6DF1 /* PBXTargetDependency */,
				F248666EE0EB0F4467EE2219 /* PBXTargetDependency */,
			);
			name = "SpatiotemporalReverb - All";
			productName = SpatiotemporalReverb;
		};
/* End PBXAggregateTarget section */

/* Begin PBXBuildFile section */
		00B41A1ABCEDC03A59366030 /* Security.framework in Frameworks */ = {isa = PBXBuildFile; fileRef = EEA0660CE3BBCAA575270CAC /* Security.framework */; };
		096E1027190131FDFE0BE519 /* include_juce_data_structures.mm in Sources */ = {isa = PBXBuildFile; fileRef = 09DF4DCEACA94904EE3DE5BA /* include_juce_data_structures.mm */; };
		1B6A62CA443AA4872ECA72E7 /* include_juce_audio_processors_lv2_libs.cpp in Sources */ = {isa = PBXBuildFile; fileRef = 96A9AAC37777635E3642E2E3 /* include_juce_audio_processors_lv2_libs.cpp */; };
		3F72E574C6765F5B086E52CB /* include_juce_audio_processors_ara.cpp in Sources */ = {isa = PBXBuildFile; fileRef = 65CB383FAD31AA65F6E9F0B1 /* include_juce_audio_processors_ara.cpp */; };
		3FA1E8B4A0100473C5B9C942 /* include_juce_gui_basics.mm in Sources */ = {isa = PBXBuildFile; fileRef = 7017B3314663B5D8F8FDA9C3 /* include_juce_gui_basics.mm */; };
		4D14D8AD20BF442C1AD52506 /* CoreMIDI.framework in Frameworks */ = {isa = PBXBuildFile; fileRef = EAC0285A7D24C2FF447BCD91 /* CoreMIDI.framework */; };
		58300F2260CBFC7C98B15F47 /* include_juce_core.mm in Sources */ = {isa = PBXBuildFile; fileRef = 401DADE9AC6118C2431494D2 /* include_juce_core.mm */; };
		5C7D14454EC5D94A1149D935 /* CoreAudio.framework in Frameworks */ = {isa = PBXBuildFile; fileRef = A9060A9D42B728D5B2A32CA3 /* CoreAudio.framework */; };
		60E7F0BC7BCCE9ABB8586451 /* WebKit.framework in Frameworks */ = {isa = PBXBuildFile; fileRef = 5950A8FC7569614DBE2C1B0B /* WebKit.framework */; };
		61B383C7D6A92A46920AB406 /* include_juce_audio_basics.mm in Sources */ = {isa = PBXBuildFile; fileRef = 9AC15E0ED212B1016B4F05EB /* include_juce_audio_basics.mm */; };
		630D689485DE01AB31874F75 /* DiscRecording.framework in Frameworks */ = {isa = PBXBuildFile; fileRef = 20DA92894825D62F8D60B1EB /* DiscRecording.framework */; };
		6F5290B7DCCF9984BB58BD37 /* RecentFilesMenuTemplate.nib in Resources */ = {isa = PBXBuildFile; fileRef = 73736C8D05C5283486EE0F23 /* RecentFilesMenuTemplate.nib */; };
		74C012AB73C12259FB8CE8C4 /* include_juce_events.mm in Sources */ = {isa = PBXBuildFile; fileRef = 9543147046C33FB4800BE520 /* include_juce_events.mm */; };
		864A5FBBCC9B6B53B4B6F5F4 /* include_juce_audio_devices.mm in Sources */ = {isa = PBXBuildFile; fileRef = D275EBFE1848D95A12D253D4 /* include_juce_audio_devices.mm */; };
		864FDB92ED1F2B8A51808E97 /* include_juce_audio_plugin_client_Unity.cpp in Sources */ = {isa = PBXBuildFile; fileRef = C96B1D8A25434966ADE2FCB8 /* include_juce_audio_plugin_client_Unity.cpp */; };
		87D6B49313AE475E6722D494 /* PluginProcessor.cpp in Sources */ = {isa = PBXBuildFile; fileRef = 9DFBCCBEBC3C9F59EA560544 /* PluginProcessor.cpp */; };
		8AA9B6FC0AB51B0C7593BF19 /* IOKit.framework in Frameworks */ = {isa = PBXBuildFile; fileRef = 5455372203B8A7C7C0D24047 /* IOKit.framework */; };
		8B4E52E70530784D14BC72DD /* QuartzCore.framework in Frameworks */ = {isa = PBXBuildFile; fileRef = 668CD1FC691A96F6BF186778 /* QuartzCore.framework */; };
		8EDD07870CC172AC09351F29 /* Cocoa.framework in Frameworks */ = {isa = PBXBuildFile; fileRef = 55CC8764B8D352ADB1CC7608 /* Cocoa.framework */; };
		9212CD319740DB0ADE3C99AD /* include_juce_dsp.mm in Sources */ = {isa = PBXBuildFile; fileRef = 56CF59D70C90A5B80DF9E9F2 /* include_juce_dsp.mm */; };
		924CA83D7DDD7DBE05B2F975 /* CoreAudioKit.framework in Frameworks */ = {isa = PBXBuildFile; fileRef = 32660B37637DAEEDE81B4777 /* CoreAudioKit.framework */; };
		B23B2F958D645A33D638BAF9 /* include_juce_graphics.mm in Sources */ = {isa = PBXBuildFile; fileRef = D2737695D9CC2FADE6A437EA /* include_juce_graphics.mm */; };
		B8FDE4BA4746F7B763CE7605 /* include_juce_audio_plugin_client_ARA.cpp in Sources */ = {isa = PBXBuildFile; fileRef = A43CD3EC8817486DDA54DFF0 /* include_juce_audio_plugin_client_ARA.cpp */; };
		BB235C4D2AC8D020008AC8FB /* RecentFilesMenuTemplate.nib in Resources */ = {isa = PBXBuildFile; fileRef = 73736C8D05C5283486EE0F23 /* RecentFilesMenuTemplate.nib */; };
		BB235C4E2AC8D020008AC8FB /* Accelerate.framework in Frameworks */ = {isa = PBXBuildFile; fileRef = C4E19784779DE0E3075BD056 /* Accelerate.framework */; };
		BB235C4F2AC8D020008AC8FB /* AudioToolbox.framework in Frameworks */ = {isa = PBXBuildFile; fileRef = DC05921A7BE93A54F055228D /* AudioToolbox.framework */; };
		BB235C502AC8D020008AC8FB /* Cocoa.framework in Frameworks */ = {isa = PBXBuildFile; fileRef = 55CC8764B8D352ADB1CC7608 /* Cocoa.framework */; };
		BB235C512AC8D020008AC8FB /* CoreAudio.framework in Frameworks */ = {isa = PBXBuildFile; fileRef = A9060A9D42B728D5B2A32CA3 /* CoreAudio.framework */; };
		BB235C522AC8D020008AC8FB /* CoreAudioKit.framework in Frameworks */ = {isa = PBXBuildFile; fileRef = 32660B37637DAEEDE81B4777 /* CoreAudioKit.framework */; };
		BB235C532AC8D020008AC8FB /* CoreMIDI.framework in Frameworks */ = {isa = PBXBuildFile; fileRef = EAC0285A7D24C2FF447BCD91 /* CoreMIDI.framework */; };
		BB235C542AC8D020008AC8FB /* DiscRecording.framework in Frameworks */ = {isa = PBXBuildFile; fileRef = 20DA92894825D62F8D60B1EB /* DiscRecording.framework */; };
		BB235C552AC8D020008AC8FB /* Foundation.framework in Frameworks */ = {isa = PBXBuildFile; fileRef = 557EDCCBB16A1A803CF74B38 /* Foundation.framework */; };
		BB235C562AC8D020008AC8FB /* IOKit.framework in Frameworks */ = {isa = PBXBuildFile; fileRef = 5455372203B8A7C7C0D24047 /* IOKit.framework */; };
		BB235C572AC8D020008AC8FB /* QuartzCore.framework in Frameworks */ = {isa = PBXBuildFile; fileRef = 668CD1FC691A96F6BF186778 /* QuartzCore.framework */; };
		BB235C582AC8D020008AC8FB /* Security.framework in Frameworks */ = {isa = PBXBuildFile; fileRef = EEA0660CE3BBCAA575270CAC /* Security.framework */; };
		BB235C592AC8D020008AC8FB /* WebKit.framework in Frameworks */ = {isa = PBXBuildFile; fileRef = 5950A8FC7569614DBE2C1B0B /* WebKit.framework */; };
		C88EB1968956DA810E00E166 /* audioplugin_SpatiotemporalReverb_UnityScript.cs in Embed Unity Script */ = {isa = PBXBuildFile; fileRef = 03D12231A3587C6B33F3A0BF /* audioplugin_SpatiotemporalReverb_UnityScript.cs */; };
		C9156CE9AA6E8CAC77D78315 /* include_juce_audio_processors.mm in Sources */ = {isa = PBXBuildFile; fileRef = B7E97E5B8F08519F4A05D5BE /* include_juce_audio_processors.mm */; };
		D2542038D701C5FBC887926D /* include_juce_audio_plugin_client_Standalone.cpp in Sources */ = {isa = PBXBuildFile; fileRef = E5147950BD6811B7C20B214E /* include_juce_audio_plugin_client_Standalone.cpp */; };
		D81847F4F26E1D9B11E28AB6 /* Foundation.framework in Frameworks */ = {isa = PBXBuildFile; fileRef = 557EDCCBB16A1A803CF74B38 /* Foundation.framework */; };
		E33975DEC64084AB0FA52AE1 /* include_juce_gui_extra.mm in Sources */ = {isa = PBXBuildFile; fileRef = 46991613BFB4293648C04441 /* include_juce_gui_extra.mm */; };
		EB6FAB06AB4CCD29A3E94B73 /* include_juce_audio_utils.mm in Sources */ = {isa = PBXBuildFile; fileRef = 0F42407A465EB3079433CC2F /* include_juce_audio_utils.mm */; };
		EC8A03AE664602EC6845366B /* include_juce_audio_formats.mm in Sources */ = {isa = PBXBuildFile; fileRef = FC0DF08CED1117C796B79329 /* include_juce_audio_formats.mm */; };
		EEB864F9DD9E739F286B3212 /* Accelerate.framework in Frameworks */ = {isa = PBXBuildFile; fileRef = C4E19784779DE0E3075BD056 /* Accelerate.framework */; };
		FCE439458D83F8F1583D601E /* AudioToolbox.framework in Frameworks */ = {isa = PBXBuildFile; fileRef = DC05921A7BE93A54F055228D /* AudioToolbox.framework */; };
/* End PBXBuildFile section */

/* Begin PBXContainerItemProxy section */
		BB235C5A2AC8D021008AC8FB /* PBXContainerItemProxy */ = {
			isa = PBXContainerItemProxy;
			containerPortal = 0F2F69F07FF13B3CFF365F29 /* Project object */;
			proxyType = 1;
			remoteGlobalIDString = C70BF9E03E6995AD06E0A995;
			remoteInfo = "SpatiotemporalReverb - Shared Code";
		};
		BB235C5B2AC8D022008AC8FB /* PBXContainerItemProxy */ = {
			isa = PBXContainerItemProxy;
			containerPortal = 0F2F69F07FF13B3CFF365F29 /* Project object */;
			proxyType = 1;
			remoteGlobalIDString = C70BF9E03E6995AD06E0A995;
			remoteInfo = "SpatiotemporalReverb - Shared Code";
		};
		BB235C5C2AC8D022008AC8FB /* PBXContainerItemProxy */ = {
			isa = PBXContainerItemProxy;
			containerPortal = 0F2F69F07FF13B3CFF365F29 /* Project object */;
			proxyType = 1;
			remoteGlobalIDString = 928B6A17C94C10B1E8A58FF5;
			remoteInfo = "SpatiotemporalReverb - Standalone Plugin";
		};
		BB235C5D2AC8D022008AC8FB /* PBXContainerItemProxy */ = {
			isa = PBXContainerItemProxy;
			containerPortal = 0F2F69F07FF13B3CFF365F29 /* Project object */;
			proxyType = 1;
			remoteGlobalIDString = D621C3C3C160ED50255DE00D;
			remoteInfo = "SpatiotemporalReverb - Unity Plugin";
		};
		BB235C5E2AC8D022008AC8FB /* PBXContainerItemProxy */ = {
			isa = PBXContainerItemProxy;
			containerPortal = 0F2F69F07FF13B3CFF365F29 /* Project object */;
			proxyType = 1;
			remoteGlobalIDString = C70BF9E03E6995AD06E0A995;
			remoteInfo = "SpatiotemporalReverb - Shared Code";
		};
/* End PBXContainerItemProxy section */

/* Begin PBXCopyFilesBuildPhase section */
		2CEE31115957B694A523C1C0 /* Embed Unity Script */ = {
			isa = PBXCopyFilesBuildPhase;
			buildActionMask = 2147483647;
			dstPath = "";
			dstSubfolderSpec = 7;
			files = (
				C88EB1968956DA810E00E166 /* audioplugin_SpatiotemporalReverb_UnityScript.cs in Embed Unity Script */,
			);
			name = "Embed Unity Script";
			runOnlyForDeploymentPostprocessing = 0;
		};
/* End PBXCopyFilesBuildPhase section */

/* Begin PBXFileReference section */
		03D12231A3587C6B33F3A0BF /* audioplugin_SpatiotemporalReverb_UnityScript.cs */ = {isa = PBXFileReference; lastKnownFileType = file.cs; name = audioplugin_SpatiotemporalReverb_UnityScript.cs; path = ../../JuceLibraryCode/audioplugin_SpatiotemporalReverb_UnityScript.cs; sourceTree = SOURCE_ROOT; };
		09DF4DCEACA94904EE3DE5BA /* include_juce_data_structures.mm */ = {isa = PBXFileReference; lastKnownFileType = sourcecode.cpp.objcpp; name = include_juce_data_structures.mm; path = ../../JuceLibraryCode/include_juce_data_structures.mm; sourceTree = SOURCE_ROOT; };
		0F42407A465EB3079433CC2F /* include_juce_audio_utils.mm */ = {isa = PBXFileReference; lastKnownFileType = sourcecode.cpp.objcpp; name = include_juce_audio_utils.mm; path = ../../JuceLibraryCode/include_juce_audio_utils.mm; sourceTree = SOURCE_ROOT; };
		20DA92894825D62F8D60B1EB /* DiscRecording.framework */ = {isa = PBXFileReference; lastKnownFileType = wrapper.framework; name = DiscRecording.framework; path = System/Library/Frameworks/DiscRecording.framework; sourceTree = SDKROOT; };
		2A24DC13BAD98CE9DC7C76D5 /* juce_dsp */ = {isa = PBXFileReference; lastKnownFileType = folder; name = juce_dsp; path = /Applications/JUCE/modules/juce_dsp; sourceTree = "<absolute>"; };
		32660B37637DAEEDE81B4777 /* CoreAudioKit.framework */ = {isa = PBXFileReference; lastKnownFileType = wrapper.framework; name = CoreAudioKit.framework; path = System/Library/Frameworks/CoreAudioKit.framework; sourceTree = SDKROOT; };
		3E0CDB798702522D9E984718 /* JucePluginDefines.h */ = {isa = PBXFileReference; lastKnownFileType = sourcecode.c.h; name = JucePluginDefines.h; path = ../../JuceLibraryCode/JucePluginDefines.h; sourceTree = SOURCE_ROOT; };
		401DADE9AC6118C2431494D2 /* include_juce_core.mm */ = {isa = PBXFileReference; lastKnownFileType = sourcecode.cpp.objcpp; name = include_juce_core.mm; path = ../../JuceLibraryCode/include_juce_core.mm; sourceTree = SOURCE_ROOT; };
		44DBEF648F87D4D83BD637F5 /* juce_core */ = {isa = PBXFileReference; lastKnownFileType = folder; name = juce_core; path = /Applications/JUCE/modules/juce_core; sourceTree = "<absolute>"; };
		46991613BFB4293648C04441 /* include_juce_gui_extra.mm */ = {isa = PBXFileReference; lastKnownFileType = sourcecode.cpp.objcpp; name = include_juce_gui_extra.mm; path = ../../JuceLibraryCode/include_juce_gui_extra.mm; sourceTree = SOURCE_ROOT; };
		544C5C6570E59CEA111BAADA /* libSpatiotemporalReverb.a */ = {isa = PBXFileReference; explicitFileType = archive.ar; includeInIndex = 0; path = libSpatiotemporalReverb.a; sourceTree = BUILT_PRODUCTS_DIR; };
		5455372203B8A7C7C0D24047 /* IOKit.framework */ = {isa = PBXFileReference; lastKnownFileType = wrapper.framework; name = IOKit.framework; path = System/Library/Frameworks/IOKit.framework; sourceTree = SDKROOT; };
		557EDCCBB16A1A803CF74B38 /* Foundation.framework */ = {isa = PBXFileReference; lastKnownFileType = wrapper.framework; name = Foundation.framework; path = System/Library/Frameworks/Foundation.framework; sourceTree = SDKROOT; };
		55BD95B634FCE71ADC7D610B /* juce_audio_plugin_client */ = {isa = PBXFileReference; lastKnownFileType = folder; name = juce_audio_plugin_client; path = /Applications/JUCE/modules/juce_audio_plugin_client; sourceTree = "<absolute>"; };
		55CC8764B8D352ADB1CC7608 /* Cocoa.framework */ = {isa = PBXFileReference; lastKnownFileType = wrapper.framework; name = Cocoa.framework; path = System/Library/Frameworks/Cocoa.framework; sourceTree = SDKROOT; };
		56CF59D70C90A5B80DF9E9F2 /* include_juce_dsp.mm */ = {isa = PBXFileReference; lastKnownFileType = sourcecode.cpp.objcpp; name = include_juce_dsp.mm; path = ../../JuceLibraryCode/include_juce_dsp.mm; sourceTree = SOURCE_ROOT; };
		58AE90CA7D0DECF3764CD856 /* juce_data_structures */ = {isa = PBXFileReference; lastKnownFileType = folder; name = juce_data_structures; path = /Applications/JUCE/modules/juce_data_structures; sourceTree = "<absolute>"; };
		5950A8FC7569614DBE2C1B0B /* WebKit.framework */ = {isa = PBXFileReference; lastKnownFileType = wrapper.framework; name = WebKit.framework; path = System/Library/Frameworks/WebKit.framework; sourceTree = SDKROOT; };
		597DF7848AA53741D03C0632 /* JuceHeader.h */ = {isa = PBXFileReference; lastKnownFileType = sourcecode.c.h; name = JuceHeader.h; path = ../../JuceLibraryCode/JuceHeader.h; sourceTree = SOURCE_ROOT; };
		5CBCE0076BB9DD657E7FB6A3 /* Info-Standalone_Plugin.plist */ = {isa = PBXFileReference; lastKnownFileType = text.plist.xml; path = "Info-Standalone_Plugin.plist"; sourceTree = SOURCE_ROOT; };
		65CB383FAD31AA65F6E9F0B1 /* include_juce_audio_processors_ara.cpp */ = {isa = PBXFileReference; lastKnownFileType = sourcecode.cpp.cpp; name = include_juce_audio_processors_ara.cpp; path = ../../JuceLibraryCode/include_juce_audio_processors_ara.cpp; sourceTree = SOURCE_ROOT; };
		668CD1FC691A96F6BF186778 /* QuartzCore.framework */ = {isa = PBXFileReference; lastKnownFileType = wrapper.framework; name = QuartzCore.framework; path = System/Library/Frameworks/QuartzCore.framework; sourceTree = SDKROOT; };
		7017B3314663B5D8F8FDA9C3 /* include_juce_gui_basics.mm */ = {isa = PBXFileReference; lastKnownFileType = sourcecode.cpp.objcpp; name = include_juce_gui_basics.mm; path = ../../JuceLibraryCode/include_juce_gui_basics.mm; sourceTree = SOURCE_ROOT; };
		723595F09DB384A4F89FD5B7 /* juce_audio_devices */ = {isa = PBXFileReference; lastKnownFileType = folder; name = juce_audio_devices; path = /Applications/JUCE/modules/juce_audio_devices; sourceTree = "<absolute>"; };
		73736C8D05C5283486EE0F23 /* RecentFilesMenuTemplate.nib */ = {isa = PBXFileReference; lastKnownFileType = file.nib; path = RecentFilesMenuTemplate.nib; sourceTree = SOURCE_ROOT; };
		7459E2DB6E9BA51EA945962C /* juce_gui_basics */ = {isa = PBXFileReference; lastKnownFileType = folder; name = juce_gui_basics; path = /Applications/JUCE/modules/juce_gui_basics; sourceTree = "<absolute>"; };
		7B97428A0542A8972C987D27 /* juce_graphics */ = {isa = PBXFileReference; lastKnownFileType = folder; name = juce_graphics; path = /Applications/JUCE/modules/juce_graphics; sourceTree = "<absolute>"; };
		85B8EF9718187A87FA9D3344 /* Info-Unity_Plugin.plist */ = {isa = PBXFileReference; lastKnownFileType = text.plist.xml; path = "Info-Unity_Plugin.plist"; sourceTree = SOURCE_ROOT; };
		8CC5EB5B6B20B1CB277A03B5 /* juce_events */ = {isa = PBXFileReference; lastKnownFileType = folder; name = juce_events; path = /Applications/JUCE/modules/juce_events; sourceTree = "<absolute>"; };
		929148FC61C7396AB81EDAE9 /* SpatiotemporalReverb.app */ = {isa = PBXFileReference; explicitFileType = wrapper.application; includeInIndex = 0; path = SpatiotemporalReverb.app; sourceTree = BUILT_PRODUCTS_DIR; };
		9543147046C33FB4800BE520 /* include_juce_events.mm */ = {isa = PBXFileReference; lastKnownFileType = sourcecode.cpp.objcpp; name = include_juce_events.mm; path = ../../JuceLibraryCode/include_juce_events.mm; sourceTree = SOURCE_ROOT; };
		95F0325F86AA946EB9B7A2B5 /* juce_audio_formats */ = {isa = PBXFileReference; lastKnownFileType = folder; name = juce_audio_formats; path = /Applications/JUCE/modules/juce_audio_formats; sourceTree = "<absolute>"; };
		96A9AAC37777635E3642E2E3 /* include_juce_audio_processors_lv2_libs.cpp */ = {isa = PBXFileReference; lastKnownFileType = sourcecode.cpp.cpp; name = include_juce_audio_processors_lv2_libs.cpp; path = ../../JuceLibraryCode/include_juce_audio_processors_lv2_libs.cpp; sourceTree = SOURCE_ROOT; };
		9AC15E0ED212B1016B4F05EB /* include_juce_audio_basics.mm */ = {isa = PBXFileReference; lastKnownFileType = sourcecode.cpp.objcpp; name = include_juce_audio_basics.mm; path = ../../JuceLibraryCode/include_juce_audio_basics.mm; sourceTree = SOURCE_ROOT; };
		9DCA9D054C1220927E30D3BD /* juce_gui_extra */ = {isa = PBXFileReference; lastKnownFileType = folder; name = juce_gui_extra; path = /Applications/JUCE/modules/juce_gui_extra; sourceTree = "<absolute>"; };
		9DFBCCBEBC3C9F59EA560544 /* PluginProcessor.cpp */ = {isa = PBXFileReference; lastKnownFileType = sourcecode.cpp.cpp; name = PluginProcessor.cpp; path = ../../Source/PluginProcessor.cpp; sourceTree = SOURCE_ROOT; };
		A43CD3EC8817486DDA54DFF0 /* include_juce_audio_plugin_client_ARA.cpp */ = {isa = PBXFileReference; lastKnownFileType = sourcecode.cpp.cpp; name = include_juce_audio_plugin_client_ARA.cpp; path = ../../JuceLibraryCode/include_juce_audio_plugin_client_ARA.cpp; sourceTree = SOURCE_ROOT; };
		A9060A9D42B728D5B2A32CA3 /* CoreAudio.framework */ = {isa = PBXFileReference; lastKnownFileType = wrapper.framework; name = CoreAudio.framework; path = System/Library/Frameworks/CoreAudio.framework; sourceTree = SDKROOT; };
		B7E97E5B8F08519F4A05D5BE /* include_juce_audio_processors.mm */ = {isa = PBXFileReference; lastKnownFileType = sourcecode.cpp.objcpp; name = include_juce_audio_processors.mm; path = ../../JuceLibraryCode/include_juce_audio_processors.mm; sourceTree = SOURCE_ROOT; };
		BB400BCB2AC9DBCC00FD41F5 /* DelayLine.h */ = {isa = PBXFileReference; lastKnownFileType = sourcecode.c.h; name = DelayLine.h; path = ../../Source/DelayLine.h; sourceTree = "<group>"; };
		BB400BCC2AC9DC9500FD41F5 /* Delay.h */ = {isa = PBXFileReference; lastKnownFileType = sourcecode.c.h; name = Delay.h; path = ../../Source/Delay.h; sourceTree = "<group>"; };
		C4E19784779DE0E3075BD056 /* Accelerate.framework */ = {isa = PBXFileReference; lastKnownFileType = wrapper.framework; name = Accelerate.framework; path = System/Library/Frameworks/Accelerate.framework; sourceTree = SDKROOT; };
		C87DA34B3F11E756FD37934B /* PluginProcessor.h */ = {isa = PBXFileReference; lastKnownFileType = sourcecode.c.h; name = PluginProcessor.h; path = ../../Source/PluginProcessor.h; sourceTree = "<group>"; };
		C8D1BD16B934A6DB6E73E631 /* juce_audio_utils */ = {isa = PBXFileReference; lastKnownFileType = folder; name = juce_audio_utils; path = /Applications/JUCE/modules/juce_audio_utils; sourceTree = "<absolute>"; };
		C96B1D8A25434966ADE2FCB8 /* include_juce_audio_plugin_client_Unity.cpp */ = {isa = PBXFileReference; lastKnownFileType = sourcecode.cpp.cpp; name = include_juce_audio_plugin_client_Unity.cpp; path = ../../JuceLibraryCode/include_juce_audio_plugin_client_Unity.cpp; sourceTree = SOURCE_ROOT; };
		D2737695D9CC2FADE6A437EA /* include_juce_graphics.mm */ = {isa = PBXFileReference; lastKnownFileType = sourcecode.cpp.objcpp; name = include_juce_graphics.mm; path = ../../JuceLibraryCode/include_juce_graphics.mm; sourceTree = SOURCE_ROOT; };
		D275EBFE1848D95A12D253D4 /* include_juce_audio_devices.mm */ = {isa = PBXFileReference; lastKnownFileType = sourcecode.cpp.objcpp; name = include_juce_audio_devices.mm; path = ../../JuceLibraryCode/include_juce_audio_devices.mm; sourceTree = SOURCE_ROOT; };
		D856947FF3C261F7D5B40C97 /* juce_audio_basics */ = {isa = PBXFileReference; lastKnownFileType = folder; name = juce_audio_basics; path = /Applications/JUCE/modules/juce_audio_basics; sourceTree = "<absolute>"; };
		DC05921A7BE93A54F055228D /* AudioToolbox.framework */ = {isa = PBXFileReference; lastKnownFileType = wrapper.framework; name = AudioToolbox.framework; path = System/Library/Frameworks/AudioToolbox.framework; sourceTree = SDKROOT; };
		DEBDD3C9039DD86394B6A0B8 /* juce_audio_processors */ = {isa = PBXFileReference; lastKnownFileType = folder; name = juce_audio_processors; path = /Applications/JUCE/modules/juce_audio_processors; sourceTree = "<absolute>"; };
		E5147950BD6811B7C20B214E /* include_juce_audio_plugin_client_Standalone.cpp */ = {isa = PBXFileReference; lastKnownFileType = sourcecode.cpp.cpp; name = include_juce_audio_plugin_client_Standalone.cpp; path = ../../JuceLibraryCode/include_juce_audio_plugin_client_Standalone.cpp; sourceTree = SOURCE_ROOT; };
		EAC0285A7D24C2FF447BCD91 /* CoreMIDI.framework */ = {isa = PBXFileReference; lastKnownFileType = wrapper.framework; name = CoreMIDI.framework; path = System/Library/Frameworks/CoreMIDI.framework; sourceTree = SDKROOT; };
		EEA0660CE3BBCAA575270CAC /* Security.framework */ = {isa = PBXFileReference; lastKnownFileType = wrapper.framework; name = Security.framework; path = System/Library/Frameworks/Security.framework; sourceTree = SDKROOT; };
		F5E14AA983367F3CDCC0A09B /* audioplugin_SpatiotemporalReverb.bundle */ = {isa = PBXFileReference; explicitFileType = wrapper.cfbundle; includeInIndex = 0; path = audioplugin_SpatiotemporalReverb.bundle; sourceTree = BUILT_PRODUCTS_DIR; };
		FC0DF08CED1117C796B79329 /* include_juce_audio_formats.mm */ = {isa = PBXFileReference; lastKnownFileType = sourcecode.cpp.objcpp; name = include_juce_audio_formats.mm; path = ../../JuceLibraryCode/include_juce_audio_formats.mm; sourceTree = SOURCE_ROOT; };
/* End PBXFileReference section */

/* Begin PBXFrameworksBuildPhase section */
		63614D9E4F0367E7EFD58368 /* Frameworks */ = {
			isa = PBXFrameworksBuildPhase;
			buildActionMask = 2147483647;
			files = (
				BB235C4E2AC8D020008AC8FB /* Accelerate.framework in Frameworks */,
				BB235C4F2AC8D020008AC8FB /* AudioToolbox.framework in Frameworks */,
				BB235C502AC8D020008AC8FB /* Cocoa.framework in Frameworks */,
				BB235C512AC8D020008AC8FB /* CoreAudio.framework in Frameworks */,
				BB235C522AC8D020008AC8FB /* CoreAudioKit.framework in Frameworks */,
				BB235C532AC8D020008AC8FB /* CoreMIDI.framework in Frameworks */,
				BB235C542AC8D020008AC8FB /* DiscRecording.framework in Frameworks */,
				BB235C552AC8D020008AC8FB /* Foundation.framework in Frameworks */,
				BB235C562AC8D020008AC8FB /* IOKit.framework in Frameworks */,
				BB235C572AC8D020008AC8FB /* QuartzCore.framework in Frameworks */,
				BB235C582AC8D020008AC8FB /* Security.framework in Frameworks */,
				BB235C592AC8D020008AC8FB /* WebKit.framework in Frameworks */,
			);
			runOnlyForDeploymentPostprocessing = 0;
		};
		CC864A6A3ACEC4890142DEBA /* Frameworks */ = {
			isa = PBXFrameworksBuildPhase;
			buildActionMask = 2147483647;
			files = (
				EEB864F9DD9E739F286B3212 /* Accelerate.framework in Frameworks */,
				FCE439458D83F8F1583D601E /* AudioToolbox.framework in Frameworks */,
				8EDD07870CC172AC09351F29 /* Cocoa.framework in Frameworks */,
				5C7D14454EC5D94A1149D935 /* CoreAudio.framework in Frameworks */,
				924CA83D7DDD7DBE05B2F975 /* CoreAudioKit.framework in Frameworks */,
				4D14D8AD20BF442C1AD52506 /* CoreMIDI.framework in Frameworks */,
				630D689485DE01AB31874F75 /* DiscRecording.framework in Frameworks */,
				D81847F4F26E1D9B11E28AB6 /* Foundation.framework in Frameworks */,
				8AA9B6FC0AB51B0C7593BF19 /* IOKit.framework in Frameworks */,
				8B4E52E70530784D14BC72DD /* QuartzCore.framework in Frameworks */,
				00B41A1ABCEDC03A59366030 /* Security.framework in Frameworks */,
				60E7F0BC7BCCE9ABB8586451 /* WebKit.framework in Frameworks */,
			);
			runOnlyForDeploymentPostprocessing = 0;
		};
/* End PBXFrameworksBuildPhase section */

/* Begin PBXGroup section */
		1BFD35238E49F0C4343D6EE7 /* Products */ = {
			isa = PBXGroup;
			children = (
				929148FC61C7396AB81EDAE9 /* SpatiotemporalReverb.app */,
				F5E14AA983367F3CDCC0A09B /* audioplugin_SpatiotemporalReverb.bundle */,
				544C5C6570E59CEA111BAADA /* libSpatiotemporalReverb.a */,
			);
			name = Products;
			sourceTree = "<group>";
		};
		2D150171C55C9A43F264AC7A /* Source */ = {
			isa = PBXGroup;
			children = (
				D9651B08ED86A5791502D74D /* SpatiotemporalReverb */,
				AA892FE5668EB047AE0D9221 /* JUCE Modules */,
				F6ED57A4D74A7876515CF3F4 /* JUCE Library Code */,
				9F59835A78B4AA2CBED7FE7B /* Resources */,
				2E1D910B9DA86D72CAE04654 /* Frameworks */,
				1BFD35238E49F0C4343D6EE7 /* Products */,
			);
			name = Source;
			sourceTree = "<group>";
		};
		2E1D910B9DA86D72CAE04654 /* Frameworks */ = {
			isa = PBXGroup;
			children = (
				C4E19784779DE0E3075BD056 /* Accelerate.framework */,
				DC05921A7BE93A54F055228D /* AudioToolbox.framework */,
				55CC8764B8D352ADB1CC7608 /* Cocoa.framework */,
				A9060A9D42B728D5B2A32CA3 /* CoreAudio.framework */,
				32660B37637DAEEDE81B4777 /* CoreAudioKit.framework */,
				EAC0285A7D24C2FF447BCD91 /* CoreMIDI.framework */,
				20DA92894825D62F8D60B1EB /* DiscRecording.framework */,
				557EDCCBB16A1A803CF74B38 /* Foundation.framework */,
				5455372203B8A7C7C0D24047 /* IOKit.framework */,
				668CD1FC691A96F6BF186778 /* QuartzCore.framework */,
				EEA0660CE3BBCAA575270CAC /* Security.framework */,
				5950A8FC7569614DBE2C1B0B /* WebKit.framework */,
			);
			name = Frameworks;
			sourceTree = "<group>";
		};
		92DC17A7D965B8F976EADCE2 /* Source */ = {
			isa = PBXGroup;
			children = (
				9DFBCCBEBC3C9F59EA560544 /* PluginProcessor.cpp */,
				C87DA34B3F11E756FD37934B /* PluginProcessor.h */,
				BB400BCB2AC9DBCC00FD41F5 /* DelayLine.h */,
				BB400BCC2AC9DC9500FD41F5 /* Delay.h */,
			);
			name = Source;
			sourceTree = "<group>";
		};
		9F59835A78B4AA2CBED7FE7B /* Resources */ = {
			isa = PBXGroup;
			children = (
				5CBCE0076BB9DD657E7FB6A3 /* Info-Standalone_Plugin.plist */,
				85B8EF9718187A87FA9D3344 /* Info-Unity_Plugin.plist */,
				73736C8D05C5283486EE0F23 /* RecentFilesMenuTemplate.nib */,
				03D12231A3587C6B33F3A0BF /* audioplugin_SpatiotemporalReverb_UnityScript.cs */,
			);
			name = Resources;
			sourceTree = "<group>";
		};
		AA892FE5668EB047AE0D9221 /* JUCE Modules */ = {
			isa = PBXGroup;
			children = (
				D856947FF3C261F7D5B40C97 /* juce_audio_basics */,
				723595F09DB384A4F89FD5B7 /* juce_audio_devices */,
				95F0325F86AA946EB9B7A2B5 /* juce_audio_formats */,
				55BD95B634FCE71ADC7D610B /* juce_audio_plugin_client */,
				DEBDD3C9039DD86394B6A0B8 /* juce_audio_processors */,
				C8D1BD16B934A6DB6E73E631 /* juce_audio_utils */,
				44DBEF648F87D4D83BD637F5 /* juce_core */,
				58AE90CA7D0DECF3764CD856 /* juce_data_structures */,
				2A24DC13BAD98CE9DC7C76D5 /* juce_dsp */,
				8CC5EB5B6B20B1CB277A03B5 /* juce_events */,
				7B97428A0542A8972C987D27 /* juce_graphics */,
				7459E2DB6E9BA51EA945962C /* juce_gui_basics */,
				9DCA9D054C1220927E30D3BD /* juce_gui_extra */,
			);
			name = "JUCE Modules";
			sourceTree = "<group>";
		};
		D9651B08ED86A5791502D74D /* SpatiotemporalReverb */ = {
			isa = PBXGroup;
			children = (
				92DC17A7D965B8F976EADCE2 /* Source */,
			);
			name = SpatiotemporalReverb;
			sourceTree = "<group>";
		};
		F6ED57A4D74A7876515CF3F4 /* JUCE Library Code */ = {
			isa = PBXGroup;
			children = (
				9AC15E0ED212B1016B4F05EB /* include_juce_audio_basics.mm */,
				D275EBFE1848D95A12D253D4 /* include_juce_audio_devices.mm */,
				FC0DF08CED1117C796B79329 /* include_juce_audio_formats.mm */,
				A43CD3EC8817486DDA54DFF0 /* include_juce_audio_plugin_client_ARA.cpp */,
				E5147950BD6811B7C20B214E /* include_juce_audio_plugin_client_Standalone.cpp */,
				C96B1D8A25434966ADE2FCB8 /* include_juce_audio_plugin_client_Unity.cpp */,
				B7E97E5B8F08519F4A05D5BE /* include_juce_audio_processors.mm */,
				65CB383FAD31AA65F6E9F0B1 /* include_juce_audio_processors_ara.cpp */,
				96A9AAC37777635E3642E2E3 /* include_juce_audio_processors_lv2_libs.cpp */,
				0F42407A465EB3079433CC2F /* include_juce_audio_utils.mm */,
				401DADE9AC6118C2431494D2 /* include_juce_core.mm */,
				09DF4DCEACA94904EE3DE5BA /* include_juce_data_structures.mm */,
				56CF59D70C90A5B80DF9E9F2 /* include_juce_dsp.mm */,
				9543147046C33FB4800BE520 /* include_juce_events.mm */,
				D2737695D9CC2FADE6A437EA /* include_juce_graphics.mm */,
				7017B3314663B5D8F8FDA9C3 /* include_juce_gui_basics.mm */,
				46991613BFB4293648C04441 /* include_juce_gui_extra.mm */,
				597DF7848AA53741D03C0632 /* JuceHeader.h */,
				3E0CDB798702522D9E984718 /* JucePluginDefines.h */,
			);
			name = "JUCE Library Code";
			sourceTree = "<group>";
		};
/* End PBXGroup section */

/* Begin PBXNativeTarget section */
		928B6A17C94C10B1E8A58FF5 /* SpatiotemporalReverb - Standalone Plugin */ = {
			isa = PBXNativeTarget;
			buildConfigurationList = 71816F3DCBB428EDFCD486EA /* Build configuration list for PBXNativeTarget "SpatiotemporalReverb - Standalone Plugin" */;
			buildPhases = (
				4DD5CD0CA39D2C1591F13C14 /* Resources */,
				059345D34E9275E611F5871E /* Sources */,
				CC864A6A3ACEC4890142DEBA /* Frameworks */,
			);
			buildRules = (
			);
			dependencies = (
				E21653E1190773AD1069E324 /* PBXTargetDependency */,
			);
			name = "SpatiotemporalReverb - Standalone Plugin";
			productName = SpatiotemporalReverb;
			productReference = 929148FC61C7396AB81EDAE9 /* SpatiotemporalReverb.app */;
			productType = "com.apple.product-type.application";
		};
		C70BF9E03E6995AD06E0A995 /* SpatiotemporalReverb - Shared Code */ = {
			isa = PBXNativeTarget;
			buildConfigurationList = 1972ED03F860AB5643BD6BB3 /* Build configuration list for PBXNativeTarget "SpatiotemporalReverb - Shared Code" */;
			buildPhases = (
				42B67C39EB02FAF83B0EF1E5 /* Sources */,
			);
			buildRules = (
			);
			dependencies = (
			);
			name = "SpatiotemporalReverb - Shared Code";
			productName = SpatiotemporalReverb;
			productReference = 544C5C6570E59CEA111BAADA /* libSpatiotemporalReverb.a */;
			productType = "com.apple.product-type.library.static";
		};
		D621C3C3C160ED50255DE00D /* SpatiotemporalReverb - Unity Plugin */ = {
			isa = PBXNativeTarget;
			buildConfigurationList = B21FF9EB8D9A81591B286068 /* Build configuration list for PBXNativeTarget "SpatiotemporalReverb - Unity Plugin" */;
			buildPhases = (
				192EEFF68FB582D29D4EE200 /* Resources */,
				5848A561EEBDE088BB5912B2 /* Sources */,
				63614D9E4F0367E7EFD58368 /* Frameworks */,
				2CEE31115957B694A523C1C0 /* Embed Unity Script */,
			);
			buildRules = (
			);
			dependencies = (
				AD13F6FE60CADA813544C33A /* PBXTargetDependency */,
			);
			name = "SpatiotemporalReverb - Unity Plugin";
			productName = SpatiotemporalReverb;
			productReference = F5E14AA983367F3CDCC0A09B /* audioplugin_SpatiotemporalReverb.bundle */;
			productType = "com.apple.product-type.bundle";
		};
/* End PBXNativeTarget section */

/* Begin PBXProject section */
		0F2F69F07FF13B3CFF365F29 /* Project object */ = {
			isa = PBXProject;
			attributes = {
				LastUpgradeCheck = 1340;
				ORGANIZATIONNAME = "";
				TargetAttributes = {
					928B6A17C94C10B1E8A58FF5 = {
						SystemCapabilities = {
							com.apple.ApplicationGroups.iOS = {
								enabled = 0;
							};
							com.apple.HardenedRuntime = {
								enabled = 0;
							};
							com.apple.InAppPurchase = {
								enabled = 0;
							};
							com.apple.InterAppAudio = {
								enabled = 0;
							};
							com.apple.Push = {
								enabled = 0;
							};
							com.apple.Sandbox = {
								enabled = 0;
							};
						};
					};
					C70BF9E03E6995AD06E0A995 = {
						SystemCapabilities = {
							com.apple.ApplicationGroups.iOS = {
								enabled = 0;
							};
							com.apple.HardenedRuntime = {
								enabled = 0;
							};
							com.apple.InAppPurchase = {
								enabled = 0;
							};
							com.apple.InterAppAudio = {
								enabled = 0;
							};
							com.apple.Push = {
								enabled = 0;
							};
							com.apple.Sandbox = {
								enabled = 0;
							};
						};
					};
					D621C3C3C160ED50255DE00D = {
						SystemCapabilities = {
							com.apple.ApplicationGroups.iOS = {
								enabled = 0;
							};
							com.apple.HardenedRuntime = {
								enabled = 0;
							};
							com.apple.InAppPurchase = {
								enabled = 0;
							};
							com.apple.InterAppAudio = {
								enabled = 0;
							};
							com.apple.Push = {
								enabled = 0;
							};
							com.apple.Sandbox = {
								enabled = 0;
							};
						};
					};
					DDF892236046D411EF14CDDE = {
						SystemCapabilities = {
							com.apple.ApplicationGroups.iOS = {
								enabled = 0;
							};
							com.apple.HardenedRuntime = {
								enabled = 0;
							};
							com.apple.InAppPurchase = {
								enabled = 0;
							};
							com.apple.InterAppAudio = {
								enabled = 0;
							};
							com.apple.Push = {
								enabled = 0;
							};
							com.apple.Sandbox = {
								enabled = 0;
							};
						};
					};
				};
			};
			buildConfigurationList = 23289480BEF6DB1331B6D380 /* Build configuration list for PBXProject "SpatiotemporalReverb" */;
			compatibilityVersion = "Xcode 3.2";
			developmentRegion = en;
			hasScannedForEncodings = 0;
			knownRegions = (
				en,
				Base,
			);
			mainGroup = 2D150171C55C9A43F264AC7A /* Source */;
			projectDirPath = "";
			projectRoot = "";
			targets = (
				DDF892236046D411EF14CDDE /* SpatiotemporalReverb - All */,
				928B6A17C94C10B1E8A58FF5 /* SpatiotemporalReverb - Standalone Plugin */,
				D621C3C3C160ED50255DE00D /* SpatiotemporalReverb - Unity Plugin */,
				C70BF9E03E6995AD06E0A995 /* SpatiotemporalReverb - Shared Code */,
			);
		};
/* End PBXProject section */

/* Begin PBXResourcesBuildPhase section */
		192EEFF68FB582D29D4EE200 /* Resources */ = {
			isa = PBXResourcesBuildPhase;
			buildActionMask = 2147483647;
			files = (
				BB235C4D2AC8D020008AC8FB /* RecentFilesMenuTemplate.nib in Resources */,
			);
			runOnlyForDeploymentPostprocessing = 0;
		};
		4DD5CD0CA39D2C1591F13C14 /* Resources */ = {
			isa = PBXResourcesBuildPhase;
			buildActionMask = 2147483647;
			files = (
				6F5290B7DCCF9984BB58BD37 /* RecentFilesMenuTemplate.nib in Resources */,
			);
			runOnlyForDeploymentPostprocessing = 0;
		};
/* End PBXResourcesBuildPhase section */

/* Begin PBXSourcesBuildPhase section */
		059345D34E9275E611F5871E /* Sources */ = {
			isa = PBXSourcesBuildPhase;
			buildActionMask = 2147483647;
			files = (
				D2542038D701C5FBC887926D /* include_juce_audio_plugin_client_Standalone.cpp in Sources */,
			);
			runOnlyForDeploymentPostprocessing = 0;
		};
		42B67C39EB02FAF83B0EF1E5 /* Sources */ = {
			isa = PBXSourcesBuildPhase;
			buildActionMask = 2147483647;
			files = (
				87D6B49313AE475E6722D494 /* PluginProcessor.cpp in Sources */,
				61B383C7D6A92A46920AB406 /* include_juce_audio_basics.mm in Sources */,
				864A5FBBCC9B6B53B4B6F5F4 /* include_juce_audio_devices.mm in Sources */,
				EC8A03AE664602EC6845366B /* include_juce_audio_formats.mm in Sources */,
				B8FDE4BA4746F7B763CE7605 /* include_juce_audio_plugin_client_ARA.cpp in Sources */,
				C9156CE9AA6E8CAC77D78315 /* include_juce_audio_processors.mm in Sources */,
				3F72E574C6765F5B086E52CB /* include_juce_audio_processors_ara.cpp in Sources */,
				1B6A62CA443AA4872ECA72E7 /* include_juce_audio_processors_lv2_libs.cpp in Sources */,
				EB6FAB06AB4CCD29A3E94B73 /* include_juce_audio_utils.mm in Sources */,
				58300F2260CBFC7C98B15F47 /* include_juce_core.mm in Sources */,
				096E1027190131FDFE0BE519 /* include_juce_data_structures.mm in Sources */,
				9212CD319740DB0ADE3C99AD /* include_juce_dsp.mm in Sources */,
				74C012AB73C12259FB8CE8C4 /* include_juce_events.mm in Sources */,
				B23B2F958D645A33D638BAF9 /* include_juce_graphics.mm in Sources */,
				3FA1E8B4A0100473C5B9C942 /* include_juce_gui_basics.mm in Sources */,
				E33975DEC64084AB0FA52AE1 /* include_juce_gui_extra.mm in Sources */,
			);
			runOnlyForDeploymentPostprocessing = 0;
		};
		5848A561EEBDE088BB5912B2 /* Sources */ = {
			isa = PBXSourcesBuildPhase;
			buildActionMask = 2147483647;
			files = (
				864FDB92ED1F2B8A51808E97 /* include_juce_audio_plugin_client_Unity.cpp in Sources */,
			);
			runOnlyForDeploymentPostprocessing = 0;
		};
/* End PBXSourcesBuildPhase section */

/* Begin PBXTargetDependency section */
		0EC547FEAB392CA621656F15 /* PBXTargetDependency */ = {
			isa = PBXTargetDependency;
			target = 928B6A17C94C10B1E8A58FF5 /* SpatiotemporalReverb - Standalone Plugin */;
			targetProxy = BB235C5C2AC8D022008AC8FB /* PBXContainerItemProxy */;
		};
		1597B00E6702978F1B8A6DF1 /* PBXTargetDependency */ = {
			isa = PBXTargetDependency;
			target = D621C3C3C160ED50255DE00D /* SpatiotemporalReverb - Unity Plugin */;
			targetProxy = BB235C5D2AC8D022008AC8FB /* PBXContainerItemProxy */;
		};
		AD13F6FE60CADA813544C33A /* PBXTargetDependency */ = {
			isa = PBXTargetDependency;
			target = C70BF9E03E6995AD06E0A995 /* SpatiotemporalReverb - Shared Code */;
			targetProxy = BB235C5A2AC8D021008AC8FB /* PBXContainerItemProxy */;
		};
		E21653E1190773AD1069E324 /* PBXTargetDependency */ = {
			isa = PBXTargetDependency;
			target = C70BF9E03E6995AD06E0A995 /* SpatiotemporalReverb - Shared Code */;
			targetProxy = BB235C5B2AC8D022008AC8FB /* PBXContainerItemProxy */;
		};
		F248666EE0EB0F4467EE2219 /* PBXTargetDependency */ = {
			isa = PBXTargetDependency;
			target = C70BF9E03E6995AD06E0A995 /* SpatiotemporalReverb - Shared Code */;
			targetProxy = BB235C5E2AC8D022008AC8FB /* PBXContainerItemProxy */;
		};
/* End PBXTargetDependency section */

/* Begin XCBuildConfiguration section */
		1822C9B2394F138B2A8F6361 /* Release */ = {
			isa = XCBuildConfiguration;
			buildSettings = {
				CLANG_CXX_LANGUAGE_STANDARD = "c++17";
				CLANG_CXX_LIBRARY = "libc++";
				CLANG_LINK_OBJC_RUNTIME = NO;
				COMBINE_HIDPI_IMAGES = YES;
				CONFIGURATION_BUILD_DIR = "$(PROJECT_DIR)/build/$(CONFIGURATION)";
				DEAD_CODE_STRIPPING = YES;
				EXCLUDED_ARCHS = "";
				GCC_GENERATE_DEBUGGING_SYMBOLS = NO;
				GCC_OPTIMIZATION_LEVEL = 3;
				GCC_PREPROCESSOR_DEFINITIONS = (
					"_NDEBUG=1",
					"NDEBUG=1",
					"JUCE_DISPLAY_SPLASH_SCREEN=0",
					"JUCE_USE_DARK_SPLASH_SCREEN=1",
					"JUCE_PROJUCER_VERSION=0x70007",
					"JUCE_MODULE_AVAILABLE_juce_audio_basics=1",
					"JUCE_MODULE_AVAILABLE_juce_audio_devices=1",
					"JUCE_MODULE_AVAILABLE_juce_audio_formats=1",
					"JUCE_MODULE_AVAILABLE_juce_audio_plugin_client=1",
					"JUCE_MODULE_AVAILABLE_juce_audio_processors=1",
					"JUCE_MODULE_AVAILABLE_juce_audio_utils=1",
					"JUCE_MODULE_AVAILABLE_juce_core=1",
					"JUCE_MODULE_AVAILABLE_juce_data_structures=1",
					"JUCE_MODULE_AVAILABLE_juce_dsp=1",
					"JUCE_MODULE_AVAILABLE_juce_events=1",
					"JUCE_MODULE_AVAILABLE_juce_graphics=1",
					"JUCE_MODULE_AVAILABLE_juce_gui_basics=1",
					"JUCE_MODULE_AVAILABLE_juce_gui_extra=1",
					"JUCE_GLOBAL_MODULE_SETTINGS_INCLUDED=1",
					"JUCE_VST3_CAN_REPLACE_VST2=0",
					"JUCE_STRICT_REFCOUNTEDPOINTER=1",
					"JucePlugin_Build_VST=0",
					"JucePlugin_Build_VST3=0",
					"JucePlugin_Build_AU=0",
					"JucePlugin_Build_AUv3=0",
					"JucePlugin_Build_AAX=0",
					"JucePlugin_Build_Standalone=0",
					"JucePlugin_Build_Unity=1",
					"JucePlugin_Build_LV2=0",
					"JucePlugin_Enable_IAA=0",
					"JucePlugin_Enable_ARA=0",
					"JucePlugin_Name=\\\"SpatiotemporalReverb\\\"",
					"JucePlugin_Desc=\\\"SpatiotemporalReverb\\\"",
					"JucePlugin_Manufacturer=\\\"yourcompany\\\"",
					"JucePlugin_ManufacturerWebsite=\\\"www.yourcompany.com\\\"",
					"JucePlugin_ManufacturerEmail=\\\"\\\"",
					"JucePlugin_ManufacturerCode=0x4d616e75",
					"JucePlugin_PluginCode=0x466b7376",
					"JucePlugin_IsSynth=0",
					"JucePlugin_WantsMidiInput=0",
					"JucePlugin_ProducesMidiOutput=0",
					"JucePlugin_IsMidiEffect=0",
					"JucePlugin_EditorRequiresKeyboardFocus=0",
					"JucePlugin_Version=1.0.0",
					"JucePlugin_VersionCode=0x10000",
					"JucePlugin_VersionString=\\\"1.0.0\\\"",
					"JucePlugin_VSTUniqueID=JucePlugin_PluginCode",
					"JucePlugin_VSTCategory=kPlugCategEffect",
					"JucePlugin_Vst3Category=\\\"Fx\\\"",
					"JucePlugin_AUMainType=\\'aufx\\'",
					"JucePlugin_AUSubType=JucePlugin_PluginCode",
					"JucePlugin_AUExportPrefix=SpatiotemporalReverbAU",
					"JucePlugin_AUExportPrefixQuoted=\\\"SpatiotemporalReverbAU\\\"",
					"JucePlugin_AUManufacturerCode=JucePlugin_ManufacturerCode",
					"JucePlugin_CFBundleIdentifier=com.yourcompany.SpatiotemporalReverb",
					"JucePlugin_AAXIdentifier=com.yourcompany.SpatiotemporalReverb",
					"JucePlugin_AAXManufacturerCode=JucePlugin_ManufacturerCode",
					"JucePlugin_AAXProductId=JucePlugin_PluginCode",
					"JucePlugin_AAXCategory=0",
					"JucePlugin_AAXDisableBypass=0",
					"JucePlugin_AAXDisableMultiMono=0",
					"JucePlugin_IAAType=0x61757278",
					"JucePlugin_IAASubType=JucePlugin_PluginCode",
					"JucePlugin_IAAName=\\\"yourcompany:\\ SpatiotemporalReverb\\\"",
					"JucePlugin_VSTNumMidiInputs=16",
					"JucePlugin_VSTNumMidiOutputs=16",
					"JucePlugin_ARAContentTypes=0",
					"JucePlugin_ARATransformationFlags=0",
					"JucePlugin_ARAFactoryID=\\\"com.yourcompany.SpatiotemporalReverb.factory\\\"",
					"JucePlugin_ARADocumentArchiveID=\\\"com.yourcompany.SpatiotemporalReverb.aradocumentarchive.1.0.0\\\"",
					"JucePlugin_ARACompatibleArchiveIDs=\\\"\\\"",
					"JUCE_STANDALONE_APPLICATION=JucePlugin_Build_Standalone",
					"JUCER_XCODE_MAC_F6D2F4CF=1",
					"JUCE_APP_VERSION=1.0.0",
					"JUCE_APP_VERSION_HEX=0x10000",
				);
				GCC_VERSION = com.apple.compilers.llvm.clang.1_0;
				GENERATE_PKGINFO_FILE = YES;
				HEADER_SEARCH_PATHS = (
					"$(SRCROOT)/../../JuceLibraryCode",
					/Applications/JUCE/modules,
					/Applications/JUCE/modules/juce_audio_plugin_client/AU,
					"$(inherited)",
				);
				INFOPLIST_FILE = "Info-Unity_Plugin.plist";
				INFOPLIST_PREPROCESS = NO;
				LIBRARY_STYLE = Bundle;
				LLVM_LTO = YES;
				MACOSX_DEPLOYMENT_TARGET = "$(RECOMMENDED_MACOSX_DEPLOYMENT_TARGET)";
				MTL_HEADER_SEARCH_PATHS = "$(SRCROOT)/../../JuceLibraryCode /Applications/JUCE/modules /Applications/JUCE/modules/juce_audio_plugin_client/AU";
				OTHER_LDFLAGS = (
					"-bundle",
					"-lSpatiotemporalReverb",
					"-weak_framework",
					Metal,
					"-weak_framework",
					MetalKit,
				);
				PRODUCT_BUNDLE_IDENTIFIER = com.yourcompany.SpatiotemporalReverb;
				PRODUCT_NAME = audioplugin_SpatiotemporalReverb;
				USE_HEADERMAP = NO;
				VALID_ARCHS = "i386 x86_64 arm64 arm64e";
				WRAPPER_EXTENSION = bundle;
			};
			name = Release;
		};
		1D4765B2BAB5B6B9C39A6C30 /* Release */ = {
			isa = XCBuildConfiguration;
			buildSettings = {
				CLANG_CXX_LANGUAGE_STANDARD = "c++17";
				CLANG_CXX_LIBRARY = "libc++";
				CLANG_LINK_OBJC_RUNTIME = NO;
				COMBINE_HIDPI_IMAGES = YES;
				CONFIGURATION_BUILD_DIR = "$(PROJECT_DIR)/build/$(CONFIGURATION)";
				DEAD_CODE_STRIPPING = YES;
				EXCLUDED_ARCHS = "";
				GCC_GENERATE_DEBUGGING_SYMBOLS = NO;
				GCC_OPTIMIZATION_LEVEL = 3;
				GCC_PREPROCESSOR_DEFINITIONS = (
					"_NDEBUG=1",
					"NDEBUG=1",
					"JUCE_DISPLAY_SPLASH_SCREEN=0",
					"JUCE_USE_DARK_SPLASH_SCREEN=1",
					"JUCE_PROJUCER_VERSION=0x70007",
					"JUCE_MODULE_AVAILABLE_juce_audio_basics=1",
					"JUCE_MODULE_AVAILABLE_juce_audio_devices=1",
					"JUCE_MODULE_AVAILABLE_juce_audio_formats=1",
					"JUCE_MODULE_AVAILABLE_juce_audio_plugin_client=1",
					"JUCE_MODULE_AVAILABLE_juce_audio_processors=1",
					"JUCE_MODULE_AVAILABLE_juce_audio_utils=1",
					"JUCE_MODULE_AVAILABLE_juce_core=1",
					"JUCE_MODULE_AVAILABLE_juce_data_structures=1",
					"JUCE_MODULE_AVAILABLE_juce_dsp=1",
					"JUCE_MODULE_AVAILABLE_juce_events=1",
					"JUCE_MODULE_AVAILABLE_juce_graphics=1",
					"JUCE_MODULE_AVAILABLE_juce_gui_basics=1",
					"JUCE_MODULE_AVAILABLE_juce_gui_extra=1",
					"JUCE_GLOBAL_MODULE_SETTINGS_INCLUDED=1",
					"JUCE_VST3_CAN_REPLACE_VST2=0",
					"JUCE_STRICT_REFCOUNTEDPOINTER=1",
					"JucePlugin_Build_VST=0",
					"JucePlugin_Build_VST3=0",
					"JucePlugin_Build_AU=0",
					"JucePlugin_Build_AUv3=0",
					"JucePlugin_Build_AAX=0",
					"JucePlugin_Build_Standalone=1",
					"JucePlugin_Build_Unity=0",
					"JucePlugin_Build_LV2=0",
					"JucePlugin_Enable_IAA=0",
					"JucePlugin_Enable_ARA=0",
					"JucePlugin_Name=\\\"SpatiotemporalReverb\\\"",
					"JucePlugin_Desc=\\\"SpatiotemporalReverb\\\"",
					"JucePlugin_Manufacturer=\\\"yourcompany\\\"",
					"JucePlugin_ManufacturerWebsite=\\\"www.yourcompany.com\\\"",
					"JucePlugin_ManufacturerEmail=\\\"\\\"",
					"JucePlugin_ManufacturerCode=0x4d616e75",
					"JucePlugin_PluginCode=0x466b7376",
					"JucePlugin_IsSynth=0",
					"JucePlugin_WantsMidiInput=0",
					"JucePlugin_ProducesMidiOutput=0",
					"JucePlugin_IsMidiEffect=0",
					"JucePlugin_EditorRequiresKeyboardFocus=0",
					"JucePlugin_Version=1.0.0",
					"JucePlugin_VersionCode=0x10000",
					"JucePlugin_VersionString=\\\"1.0.0\\\"",
					"JucePlugin_VSTUniqueID=JucePlugin_PluginCode",
					"JucePlugin_VSTCategory=kPlugCategEffect",
					"JucePlugin_Vst3Category=\\\"Fx\\\"",
					"JucePlugin_AUMainType=\\'aufx\\'",
					"JucePlugin_AUSubType=JucePlugin_PluginCode",
					"JucePlugin_AUExportPrefix=SpatiotemporalReverbAU",
					"JucePlugin_AUExportPrefixQuoted=\\\"SpatiotemporalReverbAU\\\"",
					"JucePlugin_AUManufacturerCode=JucePlugin_ManufacturerCode",
					"JucePlugin_CFBundleIdentifier=com.yourcompany.SpatiotemporalReverb",
					"JucePlugin_AAXIdentifier=com.yourcompany.SpatiotemporalReverb",
					"JucePlugin_AAXManufacturerCode=JucePlugin_ManufacturerCode",
					"JucePlugin_AAXProductId=JucePlugin_PluginCode",
					"JucePlugin_AAXCategory=0",
					"JucePlugin_AAXDisableBypass=0",
					"JucePlugin_AAXDisableMultiMono=0",
					"JucePlugin_IAAType=0x61757278",
					"JucePlugin_IAASubType=JucePlugin_PluginCode",
					"JucePlugin_IAAName=\\\"yourcompany:\\ SpatiotemporalReverb\\\"",
					"JucePlugin_VSTNumMidiInputs=16",
					"JucePlugin_VSTNumMidiOutputs=16",
					"JucePlugin_ARAContentTypes=0",
					"JucePlugin_ARATransformationFlags=0",
					"JucePlugin_ARAFactoryID=\\\"com.yourcompany.SpatiotemporalReverb.factory\\\"",
					"JucePlugin_ARADocumentArchiveID=\\\"com.yourcompany.SpatiotemporalReverb.aradocumentarchive.1.0.0\\\"",
					"JucePlugin_ARACompatibleArchiveIDs=\\\"\\\"",
					"JUCE_STANDALONE_APPLICATION=JucePlugin_Build_Standalone",
					"JUCER_XCODE_MAC_F6D2F4CF=1",
					"JUCE_APP_VERSION=1.0.0",
					"JUCE_APP_VERSION_HEX=0x10000",
				);
				GCC_VERSION = com.apple.compilers.llvm.clang.1_0;
				HEADER_SEARCH_PATHS = (
					"$(SRCROOT)/../../JuceLibraryCode",
					/Applications/JUCE/modules,
					/Applications/JUCE/modules/juce_audio_plugin_client/AU,
					"$(inherited)",
				);
				INFOPLIST_FILE = "Info-Standalone_Plugin.plist";
				INFOPLIST_PREPROCESS = NO;
				LLVM_LTO = YES;
				MACOSX_DEPLOYMENT_TARGET = "$(RECOMMENDED_MACOSX_DEPLOYMENT_TARGET)";
				MTL_HEADER_SEARCH_PATHS = "$(SRCROOT)/../../JuceLibraryCode /Applications/JUCE/modules /Applications/JUCE/modules/juce_audio_plugin_client/AU";
				OTHER_LDFLAGS = (
					"-lSpatiotemporalReverb",
					"-weak_framework",
					Metal,
					"-weak_framework",
					MetalKit,
				);
				PRODUCT_BUNDLE_IDENTIFIER = com.yourcompany.SpatiotemporalReverb;
				PRODUCT_NAME = SpatiotemporalReverb;
				USE_HEADERMAP = NO;
				VALID_ARCHS = "i386 x86_64 arm64 arm64e";
			};
			name = Release;
		};
		3F8376A3A6BC3E0F76C2F938 /* Release */ = {
			isa = XCBuildConfiguration;
			buildSettings = {
				MACOSX_DEPLOYMENT_TARGET = "$(RECOMMENDED_MACOSX_DEPLOYMENT_TARGET)";
				SDKROOT = macosx;
			};
			name = Release;
		};
		4F80395C7BDEFC351FB89B11 /* Debug */ = {
			isa = XCBuildConfiguration;
			buildSettings = {
				CLANG_CXX_LANGUAGE_STANDARD = "c++17";
				CLANG_CXX_LIBRARY = "libc++";
				CLANG_LINK_OBJC_RUNTIME = NO;
				COMBINE_HIDPI_IMAGES = YES;
				CONFIGURATION_BUILD_DIR = "$(PROJECT_DIR)/build/$(CONFIGURATION)";
				COPY_PHASE_STRIP = NO;
				EXCLUDED_ARCHS = "";
				GCC_DYNAMIC_NO_PIC = NO;
				GCC_OPTIMIZATION_LEVEL = 0;
				GCC_PREPROCESSOR_DEFINITIONS = (
					"_DEBUG=1",
					"DEBUG=1",
					"JUCE_DISPLAY_SPLASH_SCREEN=0",
					"JUCE_USE_DARK_SPLASH_SCREEN=1",
					"JUCE_PROJUCER_VERSION=0x70007",
					"JUCE_MODULE_AVAILABLE_juce_audio_basics=1",
					"JUCE_MODULE_AVAILABLE_juce_audio_devices=1",
					"JUCE_MODULE_AVAILABLE_juce_audio_formats=1",
					"JUCE_MODULE_AVAILABLE_juce_audio_plugin_client=1",
					"JUCE_MODULE_AVAILABLE_juce_audio_processors=1",
					"JUCE_MODULE_AVAILABLE_juce_audio_utils=1",
					"JUCE_MODULE_AVAILABLE_juce_core=1",
					"JUCE_MODULE_AVAILABLE_juce_data_structures=1",
					"JUCE_MODULE_AVAILABLE_juce_dsp=1",
					"JUCE_MODULE_AVAILABLE_juce_events=1",
					"JUCE_MODULE_AVAILABLE_juce_graphics=1",
					"JUCE_MODULE_AVAILABLE_juce_gui_basics=1",
					"JUCE_MODULE_AVAILABLE_juce_gui_extra=1",
					"JUCE_GLOBAL_MODULE_SETTINGS_INCLUDED=1",
					"JUCE_VST3_CAN_REPLACE_VST2=0",
					"JUCE_STRICT_REFCOUNTEDPOINTER=1",
					"JucePlugin_Build_VST=0",
					"JucePlugin_Build_VST3=0",
					"JucePlugin_Build_AU=0",
					"JucePlugin_Build_AUv3=0",
					"JucePlugin_Build_AAX=0",
					"JucePlugin_Build_Standalone=1",
					"JucePlugin_Build_Unity=1",
					"JucePlugin_Build_LV2=0",
					"JucePlugin_Enable_IAA=0",
					"JucePlugin_Enable_ARA=0",
					"JucePlugin_Name=\\\"SpatiotemporalReverb\\\"",
					"JucePlugin_Desc=\\\"SpatiotemporalReverb\\\"",
					"JucePlugin_Manufacturer=\\\"yourcompany\\\"",
					"JucePlugin_ManufacturerWebsite=\\\"www.yourcompany.com\\\"",
					"JucePlugin_ManufacturerEmail=\\\"\\\"",
					"JucePlugin_ManufacturerCode=0x4d616e75",
					"JucePlugin_PluginCode=0x466b7376",
					"JucePlugin_IsSynth=0",
					"JucePlugin_WantsMidiInput=0",
					"JucePlugin_ProducesMidiOutput=0",
					"JucePlugin_IsMidiEffect=0",
					"JucePlugin_EditorRequiresKeyboardFocus=0",
					"JucePlugin_Version=1.0.0",
					"JucePlugin_VersionCode=0x10000",
					"JucePlugin_VersionString=\\\"1.0.0\\\"",
					"JucePlugin_VSTUniqueID=JucePlugin_PluginCode",
					"JucePlugin_VSTCategory=kPlugCategEffect",
					"JucePlugin_Vst3Category=\\\"Fx\\\"",
					"JucePlugin_AUMainType=\\'aufx\\'",
					"JucePlugin_AUSubType=JucePlugin_PluginCode",
					"JucePlugin_AUExportPrefix=SpatiotemporalReverbAU",
					"JucePlugin_AUExportPrefixQuoted=\\\"SpatiotemporalReverbAU\\\"",
					"JucePlugin_AUManufacturerCode=JucePlugin_ManufacturerCode",
					"JucePlugin_CFBundleIdentifier=com.yourcompany.SpatiotemporalReverb",
					"JucePlugin_AAXIdentifier=com.yourcompany.SpatiotemporalReverb",
					"JucePlugin_AAXManufacturerCode=JucePlugin_ManufacturerCode",
					"JucePlugin_AAXProductId=JucePlugin_PluginCode",
					"JucePlugin_AAXCategory=0",
					"JucePlugin_AAXDisableBypass=0",
					"JucePlugin_AAXDisableMultiMono=0",
					"JucePlugin_IAAType=0x61757278",
					"JucePlugin_IAASubType=JucePlugin_PluginCode",
					"JucePlugin_IAAName=\\\"yourcompany:\\ SpatiotemporalReverb\\\"",
					"JucePlugin_VSTNumMidiInputs=16",
					"JucePlugin_VSTNumMidiOutputs=16",
					"JucePlugin_ARAContentTypes=0",
					"JucePlugin_ARATransformationFlags=0",
					"JucePlugin_ARAFactoryID=\\\"com.yourcompany.SpatiotemporalReverb.factory\\\"",
					"JucePlugin_ARADocumentArchiveID=\\\"com.yourcompany.SpatiotemporalReverb.aradocumentarchive.1.0.0\\\"",
					"JucePlugin_ARACompatibleArchiveIDs=\\\"\\\"",
					"JUCE_STANDALONE_APPLICATION=JucePlugin_Build_Standalone",
					"JUCER_XCODE_MAC_F6D2F4CF=1",
					"JUCE_APP_VERSION=1.0.0",
					"JUCE_APP_VERSION_HEX=0x10000",
					"JUCE_SHARED_CODE=1",
				);
				GCC_VERSION = com.apple.compilers.llvm.clang.1_0;
				HEADER_SEARCH_PATHS = (
					"$(SRCROOT)/../../JuceLibraryCode",
					/Applications/JUCE/modules,
					/Applications/JUCE/modules/juce_audio_plugin_client/AU,
					"$(inherited)",
				);
				INSTALL_PATH = "@executable_path/../Frameworks";
				MACOSX_DEPLOYMENT_TARGET = 10.13;
				MTL_HEADER_SEARCH_PATHS = "$(SRCROOT)/../../JuceLibraryCode /Applications/JUCE/modules /Applications/JUCE/modules/juce_audio_plugin_client/AU";
				OTHER_LDFLAGS = (
					"-weak_framework",
					Metal,
					"-weak_framework",
					MetalKit,
				);
				PRODUCT_BUNDLE_IDENTIFIER = com.yourcompany.SpatiotemporalReverb;
				PRODUCT_NAME = SpatiotemporalReverb;
				SKIP_INSTALL = YES;
				USE_HEADERMAP = NO;
				VALID_ARCHS = "i386 x86_64 arm64 arm64e";
			};
			name = Debug;
		};
		7999F17AFA5C5E37E50FEA2F /* Release */ = {
			isa = XCBuildConfiguration;
			buildSettings = {
				CLANG_CXX_LANGUAGE_STANDARD = "c++17";
				CLANG_CXX_LIBRARY = "libc++";
				CLANG_LINK_OBJC_RUNTIME = NO;
				COMBINE_HIDPI_IMAGES = YES;
				CONFIGURATION_BUILD_DIR = "$(PROJECT_DIR)/build/$(CONFIGURATION)";
				DEAD_CODE_STRIPPING = YES;
				EXCLUDED_ARCHS = "";
				GCC_GENERATE_DEBUGGING_SYMBOLS = NO;
				GCC_OPTIMIZATION_LEVEL = 3;
				GCC_PREPROCESSOR_DEFINITIONS = (
					"_NDEBUG=1",
					"NDEBUG=1",
					"JUCE_DISPLAY_SPLASH_SCREEN=0",
					"JUCE_USE_DARK_SPLASH_SCREEN=1",
					"JUCE_PROJUCER_VERSION=0x70007",
					"JUCE_MODULE_AVAILABLE_juce_audio_basics=1",
					"JUCE_MODULE_AVAILABLE_juce_audio_devices=1",
					"JUCE_MODULE_AVAILABLE_juce_audio_formats=1",
					"JUCE_MODULE_AVAILABLE_juce_audio_plugin_client=1",
					"JUCE_MODULE_AVAILABLE_juce_audio_processors=1",
					"JUCE_MODULE_AVAILABLE_juce_audio_utils=1",
					"JUCE_MODULE_AVAILABLE_juce_core=1",
					"JUCE_MODULE_AVAILABLE_juce_data_structures=1",
					"JUCE_MODULE_AVAILABLE_juce_dsp=1",
					"JUCE_MODULE_AVAILABLE_juce_events=1",
					"JUCE_MODULE_AVAILABLE_juce_graphics=1",
					"JUCE_MODULE_AVAILABLE_juce_gui_basics=1",
					"JUCE_MODULE_AVAILABLE_juce_gui_extra=1",
					"JUCE_GLOBAL_MODULE_SETTINGS_INCLUDED=1",
					"JUCE_VST3_CAN_REPLACE_VST2=0",
					"JUCE_STRICT_REFCOUNTEDPOINTER=1",
					"JucePlugin_Build_VST=0",
					"JucePlugin_Build_VST3=0",
					"JucePlugin_Build_AU=0",
					"JucePlugin_Build_AUv3=0",
					"JucePlugin_Build_AAX=0",
					"JucePlugin_Build_Standalone=1",
					"JucePlugin_Build_Unity=1",
					"JucePlugin_Build_LV2=0",
					"JucePlugin_Enable_IAA=0",
					"JucePlugin_Enable_ARA=0",
					"JucePlugin_Name=\\\"SpatiotemporalReverb\\\"",
					"JucePlugin_Desc=\\\"SpatiotemporalReverb\\\"",
					"JucePlugin_Manufacturer=\\\"yourcompany\\\"",
					"JucePlugin_ManufacturerWebsite=\\\"www.yourcompany.com\\\"",
					"JucePlugin_ManufacturerEmail=\\\"\\\"",
					"JucePlugin_ManufacturerCode=0x4d616e75",
					"JucePlugin_PluginCode=0x466b7376",
					"JucePlugin_IsSynth=0",
					"JucePlugin_WantsMidiInput=0",
					"JucePlugin_ProducesMidiOutput=0",
					"JucePlugin_IsMidiEffect=0",
					"JucePlugin_EditorRequiresKeyboardFocus=0",
					"JucePlugin_Version=1.0.0",
					"JucePlugin_VersionCode=0x10000",
					"JucePlugin_VersionString=\\\"1.0.0\\\"",
					"JucePlugin_VSTUniqueID=JucePlugin_PluginCode",
					"JucePlugin_VSTCategory=kPlugCategEffect",
					"JucePlugin_Vst3Category=\\\"Fx\\\"",
					"JucePlugin_AUMainType=\\'aufx\\'",
					"JucePlugin_AUSubType=JucePlugin_PluginCode",
					"JucePlugin_AUExportPrefix=SpatiotemporalReverbAU",
					"JucePlugin_AUExportPrefixQuoted=\\\"SpatiotemporalReverbAU\\\"",
					"JucePlugin_AUManufacturerCode=JucePlugin_ManufacturerCode",
					"JucePlugin_CFBundleIdentifier=com.yourcompany.SpatiotemporalReverb",
					"JucePlugin_AAXIdentifier=com.yourcompany.SpatiotemporalReverb",
					"JucePlugin_AAXManufacturerCode=JucePlugin_ManufacturerCode",
					"JucePlugin_AAXProductId=JucePlugin_PluginCode",
					"JucePlugin_AAXCategory=0",
					"JucePlugin_AAXDisableBypass=0",
					"JucePlugin_AAXDisableMultiMono=0",
					"JucePlugin_IAAType=0x61757278",
					"JucePlugin_IAASubType=JucePlugin_PluginCode",
					"JucePlugin_IAAName=\\\"yourcompany:\\ SpatiotemporalReverb\\\"",
					"JucePlugin_VSTNumMidiInputs=16",
					"JucePlugin_VSTNumMidiOutputs=16",
					"JucePlugin_ARAContentTypes=0",
					"JucePlugin_ARATransformationFlags=0",
					"JucePlugin_ARAFactoryID=\\\"com.yourcompany.SpatiotemporalReverb.factory\\\"",
					"JucePlugin_ARADocumentArchiveID=\\\"com.yourcompany.SpatiotemporalReverb.aradocumentarchive.1.0.0\\\"",
					"JucePlugin_ARACompatibleArchiveIDs=\\\"\\\"",
					"JUCE_STANDALONE_APPLICATION=JucePlugin_Build_Standalone",
					"JUCER_XCODE_MAC_F6D2F4CF=1",
					"JUCE_APP_VERSION=1.0.0",
					"JUCE_APP_VERSION_HEX=0x10000",
					"JUCE_SHARED_CODE=1",
				);
				GCC_VERSION = com.apple.compilers.llvm.clang.1_0;
				HEADER_SEARCH_PATHS = (
					"$(SRCROOT)/../../JuceLibraryCode",
					/Applications/JUCE/modules,
					/Applications/JUCE/modules/juce_audio_plugin_client/AU,
					"$(inherited)",
				);
				INSTALL_PATH = "@executable_path/../Frameworks";
				LLVM_LTO = YES;
				MACOSX_DEPLOYMENT_TARGET = 10.13;
				MTL_HEADER_SEARCH_PATHS = "$(SRCROOT)/../../JuceLibraryCode /Applications/JUCE/modules /Applications/JUCE/modules/juce_audio_plugin_client/AU";
				OTHER_LDFLAGS = (
					"-weak_framework",
					Metal,
					"-weak_framework",
					MetalKit,
				);
				PRODUCT_BUNDLE_IDENTIFIER = com.yourcompany.SpatiotemporalReverb;
				PRODUCT_NAME = SpatiotemporalReverb;
				SKIP_INSTALL = YES;
				USE_HEADERMAP = NO;
				VALID_ARCHS = "i386 x86_64 arm64 arm64e";
			};
			name = Release;
		};
		7D8310E1F0BF898651387827 /* Debug */ = {
			isa = XCBuildConfiguration;
			buildSettings = {
				CLANG_CXX_LANGUAGE_STANDARD = "c++17";
				CLANG_CXX_LIBRARY = "libc++";
				CLANG_LINK_OBJC_RUNTIME = NO;
				COMBINE_HIDPI_IMAGES = YES;
				CONFIGURATION_BUILD_DIR = "$(PROJECT_DIR)/build/$(CONFIGURATION)";
				COPY_PHASE_STRIP = NO;
				EXCLUDED_ARCHS = "";
				GCC_DYNAMIC_NO_PIC = NO;
				GCC_OPTIMIZATION_LEVEL = 0;
				GCC_PREPROCESSOR_DEFINITIONS = (
					"_DEBUG=1",
					"DEBUG=1",
					"JUCE_DISPLAY_SPLASH_SCREEN=0",
					"JUCE_USE_DARK_SPLASH_SCREEN=1",
					"JUCE_PROJUCER_VERSION=0x70007",
					"JUCE_MODULE_AVAILABLE_juce_audio_basics=1",
					"JUCE_MODULE_AVAILABLE_juce_audio_devices=1",
					"JUCE_MODULE_AVAILABLE_juce_audio_formats=1",
					"JUCE_MODULE_AVAILABLE_juce_audio_plugin_client=1",
					"JUCE_MODULE_AVAILABLE_juce_audio_processors=1",
					"JUCE_MODULE_AVAILABLE_juce_audio_utils=1",
					"JUCE_MODULE_AVAILABLE_juce_core=1",
					"JUCE_MODULE_AVAILABLE_juce_data_structures=1",
					"JUCE_MODULE_AVAILABLE_juce_dsp=1",
					"JUCE_MODULE_AVAILABLE_juce_events=1",
					"JUCE_MODULE_AVAILABLE_juce_graphics=1",
					"JUCE_MODULE_AVAILABLE_juce_gui_basics=1",
					"JUCE_MODULE_AVAILABLE_juce_gui_extra=1",
					"JUCE_GLOBAL_MODULE_SETTINGS_INCLUDED=1",
					"JUCE_VST3_CAN_REPLACE_VST2=0",
					"JUCE_STRICT_REFCOUNTEDPOINTER=1",
					"JucePlugin_Build_VST=0",
					"JucePlugin_Build_VST3=0",
					"JucePlugin_Build_AU=0",
					"JucePlugin_Build_AUv3=0",
					"JucePlugin_Build_AAX=0",
					"JucePlugin_Build_Standalone=1",
					"JucePlugin_Build_Unity=0",
					"JucePlugin_Build_LV2=0",
					"JucePlugin_Enable_IAA=0",
					"JucePlugin_Enable_ARA=0",
					"JucePlugin_Name=\\\"SpatiotemporalReverb\\\"",
					"JucePlugin_Desc=\\\"SpatiotemporalReverb\\\"",
					"JucePlugin_Manufacturer=\\\"yourcompany\\\"",
					"JucePlugin_ManufacturerWebsite=\\\"www.yourcompany.com\\\"",
					"JucePlugin_ManufacturerEmail=\\\"\\\"",
					"JucePlugin_ManufacturerCode=0x4d616e75",
					"JucePlugin_PluginCode=0x466b7376",
					"JucePlugin_IsSynth=0",
					"JucePlugin_WantsMidiInput=0",
					"JucePlugin_ProducesMidiOutput=0",
					"JucePlugin_IsMidiEffect=0",
					"JucePlugin_EditorRequiresKeyboardFocus=0",
					"JucePlugin_Version=1.0.0",
					"JucePlugin_VersionCode=0x10000",
					"JucePlugin_VersionString=\\\"1.0.0\\\"",
					"JucePlugin_VSTUniqueID=JucePlugin_PluginCode",
					"JucePlugin_VSTCategory=kPlugCategEffect",
					"JucePlugin_Vst3Category=\\\"Fx\\\"",
					"JucePlugin_AUMainType=\\'aufx\\'",
					"JucePlugin_AUSubType=JucePlugin_PluginCode",
					"JucePlugin_AUExportPrefix=SpatiotemporalReverbAU",
					"JucePlugin_AUExportPrefixQuoted=\\\"SpatiotemporalReverbAU\\\"",
					"JucePlugin_AUManufacturerCode=JucePlugin_ManufacturerCode",
					"JucePlugin_CFBundleIdentifier=com.yourcompany.SpatiotemporalReverb",
					"JucePlugin_AAXIdentifier=com.yourcompany.SpatiotemporalReverb",
					"JucePlugin_AAXManufacturerCode=JucePlugin_ManufacturerCode",
					"JucePlugin_AAXProductId=JucePlugin_PluginCode",
					"JucePlugin_AAXCategory=0",
					"JucePlugin_AAXDisableBypass=0",
					"JucePlugin_AAXDisableMultiMono=0",
					"JucePlugin_IAAType=0x61757278",
					"JucePlugin_IAASubType=JucePlugin_PluginCode",
					"JucePlugin_IAAName=\\\"yourcompany:\\ SpatiotemporalReverb\\\"",
					"JucePlugin_VSTNumMidiInputs=16",
					"JucePlugin_VSTNumMidiOutputs=16",
					"JucePlugin_ARAContentTypes=0",
					"JucePlugin_ARATransformationFlags=0",
					"JucePlugin_ARAFactoryID=\\\"com.yourcompany.SpatiotemporalReverb.factory\\\"",
					"JucePlugin_ARADocumentArchiveID=\\\"com.yourcompany.SpatiotemporalReverb.aradocumentarchive.1.0.0\\\"",
					"JucePlugin_ARACompatibleArchiveIDs=\\\"\\\"",
					"JUCE_STANDALONE_APPLICATION=JucePlugin_Build_Standalone",
					"JUCER_XCODE_MAC_F6D2F4CF=1",
					"JUCE_APP_VERSION=1.0.0",
					"JUCE_APP_VERSION_HEX=0x10000",
				);
				GCC_VERSION = com.apple.compilers.llvm.clang.1_0;
				HEADER_SEARCH_PATHS = (
					"$(SRCROOT)/../../JuceLibraryCode",
					/Applications/JUCE/modules,
					/Applications/JUCE/modules/juce_audio_plugin_client/AU,
					"$(inherited)",
				);
				INFOPLIST_FILE = "Info-Standalone_Plugin.plist";
				INFOPLIST_PREPROCESS = NO;
				MACOSX_DEPLOYMENT_TARGET = "$(RECOMMENDED_MACOSX_DEPLOYMENT_TARGET)";
				MTL_HEADER_SEARCH_PATHS = "$(SRCROOT)/../../JuceLibraryCode /Applications/JUCE/modules /Applications/JUCE/modules/juce_audio_plugin_client/AU";
				OTHER_LDFLAGS = (
					"-lSpatiotemporalReverb",
					"-weak_framework",
					Metal,
					"-weak_framework",
					MetalKit,
				);
				PRODUCT_BUNDLE_IDENTIFIER = com.yourcompany.SpatiotemporalReverb;
				PRODUCT_NAME = SpatiotemporalReverb;
				USE_HEADERMAP = NO;
				VALID_ARCHS = "i386 x86_64 arm64 arm64e";
			};
			name = Debug;
		};
		A8FA9892990A19B23C0BCE26 /* Debug */ = {
			isa = XCBuildConfiguration;
			buildSettings = {
				CLANG_CXX_LANGUAGE_STANDARD = "c++17";
				CLANG_CXX_LIBRARY = "libc++";
				CLANG_LINK_OBJC_RUNTIME = NO;
				COMBINE_HIDPI_IMAGES = YES;
				CONFIGURATION_BUILD_DIR = "$(PROJECT_DIR)/build/$(CONFIGURATION)";
				COPY_PHASE_STRIP = NO;
				EXCLUDED_ARCHS = "";
				GCC_DYNAMIC_NO_PIC = NO;
				GCC_OPTIMIZATION_LEVEL = 0;
				GCC_PREPROCESSOR_DEFINITIONS = (
					"_DEBUG=1",
					"DEBUG=1",
					"JUCE_DISPLAY_SPLASH_SCREEN=0",
					"JUCE_USE_DARK_SPLASH_SCREEN=1",
					"JUCE_PROJUCER_VERSION=0x70007",
					"JUCE_MODULE_AVAILABLE_juce_audio_basics=1",
					"JUCE_MODULE_AVAILABLE_juce_audio_devices=1",
					"JUCE_MODULE_AVAILABLE_juce_audio_formats=1",
					"JUCE_MODULE_AVAILABLE_juce_audio_plugin_client=1",
					"JUCE_MODULE_AVAILABLE_juce_audio_processors=1",
					"JUCE_MODULE_AVAILABLE_juce_audio_utils=1",
					"JUCE_MODULE_AVAILABLE_juce_core=1",
					"JUCE_MODULE_AVAILABLE_juce_data_structures=1",
					"JUCE_MODULE_AVAILABLE_juce_dsp=1",
					"JUCE_MODULE_AVAILABLE_juce_events=1",
					"JUCE_MODULE_AVAILABLE_juce_graphics=1",
					"JUCE_MODULE_AVAILABLE_juce_gui_basics=1",
					"JUCE_MODULE_AVAILABLE_juce_gui_extra=1",
					"JUCE_GLOBAL_MODULE_SETTINGS_INCLUDED=1",
					"JUCE_VST3_CAN_REPLACE_VST2=0",
					"JUCE_STRICT_REFCOUNTEDPOINTER=1",
					"JucePlugin_Build_VST=0",
					"JucePlugin_Build_VST3=0",
					"JucePlugin_Build_AU=0",
					"JucePlugin_Build_AUv3=0",
					"JucePlugin_Build_AAX=0",
					"JucePlugin_Build_Standalone=0",
					"JucePlugin_Build_Unity=1",
					"JucePlugin_Build_LV2=0",
					"JucePlugin_Enable_IAA=0",
					"JucePlugin_Enable_ARA=0",
					"JucePlugin_Name=\\\"SpatiotemporalReverb\\\"",
					"JucePlugin_Desc=\\\"SpatiotemporalReverb\\\"",
					"JucePlugin_Manufacturer=\\\"yourcompany\\\"",
					"JucePlugin_ManufacturerWebsite=\\\"www.yourcompany.com\\\"",
					"JucePlugin_ManufacturerEmail=\\\"\\\"",
					"JucePlugin_ManufacturerCode=0x4d616e75",
					"JucePlugin_PluginCode=0x466b7376",
					"JucePlugin_IsSynth=0",
					"JucePlugin_WantsMidiInput=0",
					"JucePlugin_ProducesMidiOutput=0",
					"JucePlugin_IsMidiEffect=0",
					"JucePlugin_EditorRequiresKeyboardFocus=0",
					"JucePlugin_Version=1.0.0",
					"JucePlugin_VersionCode=0x10000",
					"JucePlugin_VersionString=\\\"1.0.0\\\"",
					"JucePlugin_VSTUniqueID=JucePlugin_PluginCode",
					"JucePlugin_VSTCategory=kPlugCategEffect",
					"JucePlugin_Vst3Category=\\\"Fx\\\"",
					"JucePlugin_AUMainType=\\'aufx\\'",
					"JucePlugin_AUSubType=JucePlugin_PluginCode",
					"JucePlugin_AUExportPrefix=SpatiotemporalReverbAU",
					"JucePlugin_AUExportPrefixQuoted=\\\"SpatiotemporalReverbAU\\\"",
					"JucePlugin_AUManufacturerCode=JucePlugin_ManufacturerCode",
					"JucePlugin_CFBundleIdentifier=com.yourcompany.SpatiotemporalReverb",
					"JucePlugin_AAXIdentifier=com.yourcompany.SpatiotemporalReverb",
					"JucePlugin_AAXManufacturerCode=JucePlugin_ManufacturerCode",
					"JucePlugin_AAXProductId=JucePlugin_PluginCode",
					"JucePlugin_AAXCategory=0",
					"JucePlugin_AAXDisableBypass=0",
					"JucePlugin_AAXDisableMultiMono=0",
					"JucePlugin_IAAType=0x61757278",
					"JucePlugin_IAASubType=JucePlugin_PluginCode",
					"JucePlugin_IAAName=\\\"yourcompany:\\ SpatiotemporalReverb\\\"",
					"JucePlugin_VSTNumMidiInputs=16",
					"JucePlugin_VSTNumMidiOutputs=16",
					"JucePlugin_ARAContentTypes=0",
					"JucePlugin_ARATransformationFlags=0",
					"JucePlugin_ARAFactoryID=\\\"com.yourcompany.SpatiotemporalReverb.factory\\\"",
					"JucePlugin_ARADocumentArchiveID=\\\"com.yourcompany.SpatiotemporalReverb.aradocumentarchive.1.0.0\\\"",
					"JucePlugin_ARACompatibleArchiveIDs=\\\"\\\"",
					"JUCE_STANDALONE_APPLICATION=JucePlugin_Build_Standalone",
					"JUCER_XCODE_MAC_F6D2F4CF=1",
					"JUCE_APP_VERSION=1.0.0",
					"JUCE_APP_VERSION_HEX=0x10000",
				);
				GCC_VERSION = com.apple.compilers.llvm.clang.1_0;
				GENERATE_PKGINFO_FILE = YES;
				HEADER_SEARCH_PATHS = (
					"$(SRCROOT)/../../JuceLibraryCode",
					/Applications/JUCE/modules,
					/Applications/JUCE/modules/juce_audio_plugin_client/AU,
					"$(inherited)",
				);
				INFOPLIST_FILE = "Info-Unity_Plugin.plist";
				INFOPLIST_PREPROCESS = NO;
				LIBRARY_STYLE = Bundle;
				MACOSX_DEPLOYMENT_TARGET = "$(RECOMMENDED_MACOSX_DEPLOYMENT_TARGET)";
				MTL_HEADER_SEARCH_PATHS = "$(SRCROOT)/../../JuceLibraryCode /Applications/JUCE/modules /Applications/JUCE/modules/juce_audio_plugin_client/AU";
				OTHER_LDFLAGS = (
					"-bundle",
					"-lSpatiotemporalReverb",
					"-weak_framework",
					Metal,
					"-weak_framework",
					MetalKit,
				);
				PRODUCT_BUNDLE_IDENTIFIER = com.yourcompany.SpatiotemporalReverb;
				PRODUCT_NAME = audioplugin_SpatiotemporalReverb;
				USE_HEADERMAP = NO;
				VALID_ARCHS = "i386 x86_64 arm64 arm64e";
				WRAPPER_EXTENSION = bundle;
			};
			name = Debug;
		};
		B1C1533E7720095A5CD86AA8 /* Release */ = {
			isa = XCBuildConfiguration;
			buildSettings = {
				ALWAYS_SEARCH_USER_PATHS = NO;
				CLANG_ENABLE_OBJC_WEAK = YES;
				CLANG_WARN_BLOCK_CAPTURE_AUTORELEASING = YES;
				CLANG_WARN_BOOL_CONVERSION = YES;
				CLANG_WARN_COMMA = YES;
				CLANG_WARN_CONSTANT_CONVERSION = YES;
				CLANG_WARN_DEPRECATED_OBJC_IMPLEMENTATIONS = YES;
				CLANG_WARN_EMPTY_BODY = YES;
				CLANG_WARN_ENUM_CONVERSION = YES;
				CLANG_WARN_INFINITE_RECURSION = YES;
				CLANG_WARN_INT_CONVERSION = YES;
				CLANG_WARN_NON_LITERAL_NULL_CONVERSION = YES;
				CLANG_WARN_OBJC_IMPLICIT_RETAIN_SELF = YES;
				CLANG_WARN_OBJC_LITERAL_CONVERSION = YES;
				CLANG_WARN_RANGE_LOOP_ANALYSIS = YES;
				CLANG_WARN_STRICT_PROTOTYPES = YES;
				CLANG_WARN_SUSPICIOUS_MOVE = YES;
				CLANG_WARN_UNREACHABLE_CODE = YES;
				CLANG_WARN__DUPLICATE_METHOD_MATCH = YES;
				DEBUG_INFORMATION_FORMAT = dwarf;
				ENABLE_STRICT_OBJC_MSGSEND = YES;
				ENABLE_TESTABILITY = NO;
				GCC_C_LANGUAGE_STANDARD = c11;
				GCC_INLINES_ARE_PRIVATE_EXTERN = YES;
				GCC_MODEL_TUNING = G5;
				GCC_NO_COMMON_BLOCKS = YES;
				GCC_SYMBOLS_PRIVATE_EXTERN = YES;
				GCC_WARN_64_TO_32_BIT_CONVERSION = YES;
				GCC_WARN_ABOUT_RETURN_TYPE = YES;
				GCC_WARN_CHECK_SWITCH_STATEMENTS = YES;
				GCC_WARN_MISSING_PARENTHESES = YES;
				GCC_WARN_NON_VIRTUAL_DESTRUCTOR = YES;
				GCC_WARN_TYPECHECK_CALLS_TO_PRINTF = YES;
				GCC_WARN_UNDECLARED_SELECTOR = YES;
				GCC_WARN_UNINITIALIZED_AUTOS = YES;
				GCC_WARN_UNUSED_FUNCTION = YES;
				GCC_WARN_UNUSED_VARIABLE = YES;
				PRODUCT_NAME = SpatiotemporalReverb;
				SDKROOT = macosx;
				WARNING_CFLAGS = "-Wreorder";
				ZERO_LINK = NO;
			};
			name = Release;
		};
		D7E9D498ED475577B610CF94 /* Debug */ = {
			isa = XCBuildConfiguration;
			buildSettings = {
				MACOSX_DEPLOYMENT_TARGET = "$(RECOMMENDED_MACOSX_DEPLOYMENT_TARGET)";
				SDKROOT = macosx;
			};
			name = Debug;
		};
		E64C07CE825BDDD84962D53F /* Debug */ = {
			isa = XCBuildConfiguration;
			buildSettings = {
				ALWAYS_SEARCH_USER_PATHS = NO;
				CLANG_ENABLE_OBJC_WEAK = YES;
				CLANG_WARN_BLOCK_CAPTURE_AUTORELEASING = YES;
				CLANG_WARN_BOOL_CONVERSION = YES;
				CLANG_WARN_COMMA = YES;
				CLANG_WARN_CONSTANT_CONVERSION = YES;
				CLANG_WARN_DEPRECATED_OBJC_IMPLEMENTATIONS = YES;
				CLANG_WARN_EMPTY_BODY = YES;
				CLANG_WARN_ENUM_CONVERSION = YES;
				CLANG_WARN_INFINITE_RECURSION = YES;
				CLANG_WARN_INT_CONVERSION = YES;
				CLANG_WARN_NON_LITERAL_NULL_CONVERSION = YES;
				CLANG_WARN_OBJC_IMPLICIT_RETAIN_SELF = YES;
				CLANG_WARN_OBJC_LITERAL_CONVERSION = YES;
				CLANG_WARN_RANGE_LOOP_ANALYSIS = YES;
				CLANG_WARN_STRICT_PROTOTYPES = YES;
				CLANG_WARN_SUSPICIOUS_MOVE = YES;
				CLANG_WARN_UNREACHABLE_CODE = YES;
				CLANG_WARN__DUPLICATE_METHOD_MATCH = YES;
				DEBUG_INFORMATION_FORMAT = dwarf;
				ENABLE_STRICT_OBJC_MSGSEND = YES;
				ENABLE_TESTABILITY = YES;
				GCC_C_LANGUAGE_STANDARD = c11;
				GCC_INLINES_ARE_PRIVATE_EXTERN = YES;
				GCC_MODEL_TUNING = G5;
				GCC_NO_COMMON_BLOCKS = YES;
				GCC_SYMBOLS_PRIVATE_EXTERN = YES;
				GCC_WARN_64_TO_32_BIT_CONVERSION = YES;
				GCC_WARN_ABOUT_RETURN_TYPE = YES;
				GCC_WARN_CHECK_SWITCH_STATEMENTS = YES;
				GCC_WARN_MISSING_PARENTHESES = YES;
				GCC_WARN_NON_VIRTUAL_DESTRUCTOR = YES;
				GCC_WARN_TYPECHECK_CALLS_TO_PRINTF = YES;
				GCC_WARN_UNDECLARED_SELECTOR = YES;
				GCC_WARN_UNINITIALIZED_AUTOS = YES;
				GCC_WARN_UNUSED_FUNCTION = YES;
				GCC_WARN_UNUSED_VARIABLE = YES;
				ONLY_ACTIVE_ARCH = YES;
				PRODUCT_NAME = SpatiotemporalReverb;
				SDKROOT = macosx;
				WARNING_CFLAGS = "-Wreorder";
				ZERO_LINK = NO;
			};
			name = Debug;
		};
/* End XCBuildConfiguration section */

/* Begin XCConfigurationList section */
		1972ED03F860AB5643BD6BB3 /* Build configuration list for PBXNativeTarget "SpatiotemporalReverb - Shared Code" */ = {
			isa = XCConfigurationList;
			buildConfigurations = (
				4F80395C7BDEFC351FB89B11 /* Debug */,
				7999F17AFA5C5E37E50FEA2F /* Release */,
			);
			defaultConfigurationIsVisible = 0;
			defaultConfigurationName = Debug;
		};
		23289480BEF6DB1331B6D380 /* Build configuration list for PBXProject "SpatiotemporalReverb" */ = {
			isa = XCConfigurationList;
			buildConfigurations = (
				B1C1533E7720095A5CD86AA8 /* Release */,
				E64C07CE825BDDD84962D53F /* Debug */,
			);
			defaultConfigurationIsVisible = 0;
			defaultConfigurationName = Debug;
		};
		5FA543B695CEEECDA4339FE0 /* Build configuration list for PBXAggregateTarget "SpatiotemporalReverb - All" */ = {
			isa = XCConfigurationList;
			buildConfigurations = (
				D7E9D498ED475577B610CF94 /* Debug */,
				3F8376A3A6BC3E0F76C2F938 /* Release */,
			);
			defaultConfigurationIsVisible = 0;
			defaultConfigurationName = Debug;
		};
		71816F3DCBB428EDFCD486EA /* Build configuration list for PBXNativeTarget "SpatiotemporalReverb - Standalone Plugin" */ = {
			isa = XCConfigurationList;
			buildConfigurations = (
				7D8310E1F0BF898651387827 /* Debug */,
				1D4765B2BAB5B6B9C39A6C30 /* Release */,
			);
			defaultConfigurationIsVisible = 0;
			defaultConfigurationName = Debug;
		};
		B21FF9EB8D9A81591B286068 /* Build configuration list for PBXNativeTarget "SpatiotemporalReverb - Unity Plugin" */ = {
			isa = XCConfigurationList;
			buildConfigurations = (
				A8FA9892990A19B23C0BCE26 /* Debug */,
				1822C9B2394F138B2A8F6361 /* Release */,
			);
			defaultConfigurationIsVisible = 0;
			defaultConfigurationName = Debug;
		};
/* End XCConfigurationList section */
	};
	rootObject = 0F2F69F07FF13B3CFF365F29 /* Project object */;
}
